
Microsoft Visual Studio Solution File, Format Version 12.00
# Visual Studio Version 16
VisualStudioVersion = 16.0.31911.196
MinimumVisualStudioVersion = 10.0.40219.1
Project("{FAE04EC0-301F-11D3-BF4B-00C04F79EFBC}") = "PhoneDirectory.Services.Contact", "PhoneDirectory.Services.Contact\PhoneDirectory.Services.Contact.csproj", "{9A4D5B78-C485-4DB6-AE60-BFB2B97CEF7D}"
EndProject
Global
	GlobalSection(SolutionConfigurationPlatforms) = preSolution
		Debug|Any CPU = Debug|Any CPU
		Release|Any CPU = Release|Any CPU
	EndGlobalSection
	GlobalSection(ProjectConfigurationPlatforms) = postSolution
		{9A4D5B78-C485-4DB6-AE60-BFB2B97CEF7D}.Debug|Any CPU.ActiveCfg = Debug|Any CPU
		{9A4D5B78-C485-4DB6-AE60-BFB2B97CEF7D}.Debug|Any CPU.Build.0 = Debug|Any CPU
		{9A4D5B78-C485-4DB6-AE60-BFB2B97CEF7D}.Release|Any CPU.ActiveCfg = Release|Any CPU
		{9A4D5B78-C485-4DB6-AE60-BFB2B97CEF7D}.Release|Any CPU.Build.0 = Release|Any CPU
	EndGlobalSection
	GlobalSection(SolutionProperties) = preSolution
		HideSolutionNode = FALSE
	EndGlobalSection
	GlobalSection(ExtensibilityGlobals) = postSolution
		SolutionGuid = {BE597858-0734-486A-A978-5A25DDC91131}
	EndGlobalSection
EndGlobal
